version: 1.0
shards:
  callback:
    github: mosop/callback
    version: 0.6.3

  cli:
    github: mosop/cli
    version: 0.7.0

  inflector:
    github: phoffer/inflector.cr
    version: 0.1.8

  liquid:
    github: TechMagister/liquid.cr
    commit: 26c965afe8fdf1869a606b1c4aaaf6a127ead647

  markd:
    github: icyleaf/markd
    version: 0.1.1

  optarg:
    github: mosop/optarg
    version: 0.5.8

  popcorn:
    github: icyleaf/popcorn
    version: 0.1.1

  string_inflection:
    github: mosop/string_inflection
    version: 0.2.1

  terminal-ui:
    github: icyleaf/terminal-ui.cr
    version: 0.1.1

  totem:
    github: icyleaf/totem
    version: 0.4.0

