version: 1.0
shards:
  callback:
    github: mosop/callback
    version: 0.6.3

  cli:
    github: mosop/cli
    version: 0.7.0

  crinja:
    github: straight-shoota/crinja
    version: 0.3.0

  markd:
    github: icyleaf/markd
    version: 0.1.1

  optarg:
    github: mosop/optarg
    version: 0.5.8

  popcorn:
    github: icyleaf/popcorn
    version: 0.2.0

  string_inflection:
    github: mosop/string_inflection
    version: 0.2.1

  terminal-ui:
    github: icyleaf/terminal-ui.cr
    version: 0.1.2

  totem:
    github: icyleaf/totem
    commit: e122f16c77d6dcbaefc88b20f8d8e58a6b232760

